
Microsoft Visual Studio Solution File, Format Version 12.00
# Visual Studio 15
VisualStudioVersion = 15.0.27130.2003
MinimumVisualStudioVersion = 10.0.40219.1
Project("{FAE04EC0-301F-11D3-BF4B-00C04F79EFBC}") = "ReproProjectSystem", "ReproProjectSystem\ReproProjectSystem.csproj", "{33B8D316-037D-4198-A894-E05059BD2536}"
EndProject
Project("{2150E333-8FDC-42A3-9474-1A3956D46DE8}") = "Solution Items", "Solution Items", "{C658A477-E5F8-46F7-A1C9-ED51649E4BE3}"
	ProjectSection(SolutionItems) = preProject
		.gitignore = .gitignore
	EndProjectSection
EndProject
Project("{2150E333-8FDC-42A3-9474-1A3956D46DE8}") = "TestLib", "TestLib", "{DE72D418-CDE9-44F5-89DB-2DE982ACAB24}"
EndProject
Project("{FAE04EC0-301F-11D3-BF4B-00C04F79EFBC}") = "LibA", "testlib\LibA\LibA.csproj", "{C9B74817-0C13-4857-B813-AC0DBB6F58BC}"
EndProject
Project("{2150E333-8FDC-42A3-9474-1A3956D46DE8}") = "Explicit", "Explicit", "{0221FCE1-A643-48D2-B516-75EF2AE72507}"
EndProject
Project("{9A19103F-16F7-4668-BE54-9A1E7A4F7556}") = "LibB", "TestLib\LibB\LibB.csproj", "{EC52D829-95BF-4FB9-AED0-108519C91214}"
EndProject
Project("{FAE04EC0-301F-11D3-BF4B-00C04F79EFBC}") = "LibE", "Libe\LibE.csproj", "{493C6A22-98FB-4806-9B1B-A82ACFDF28FE}"
EndProject
Project("{9A19103F-16F7-4668-BE54-9A1E7A4F7556}") = "LibC", "Explicit\LibC\LibC.csproj", "{E85AE676-21DC-4F77-B8F4-98AAFF1D4314}"
EndProject
Project("{9A19103F-16F7-4668-BE54-9A1E7A4F7556}") = "LibD", "Explicit\LibD\LibD.csproj", "{96830838-9B11-432E-8B09-48F69BF72991}"
EndProject
Global
	GlobalSection(SolutionConfigurationPlatforms) = preSolution
		Debug|Any CPU = Debug|Any CPU
		Release|Any CPU = Release|Any CPU
	EndGlobalSection
	GlobalSection(ProjectConfigurationPlatforms) = postSolution
		{33B8D316-037D-4198-A894-E05059BD2536}.Debug|Any CPU.ActiveCfg = Debug|Any CPU
		{33B8D316-037D-4198-A894-E05059BD2536}.Debug|Any CPU.Build.0 = Debug|Any CPU
		{33B8D316-037D-4198-A894-E05059BD2536}.Release|Any CPU.ActiveCfg = Release|Any CPU
		{33B8D316-037D-4198-A894-E05059BD2536}.Release|Any CPU.Build.0 = Release|Any CPU
		{C9B74817-0C13-4857-B813-AC0DBB6F58BC}.Debug|Any CPU.ActiveCfg = Debug|Any CPU
		{C9B74817-0C13-4857-B813-AC0DBB6F58BC}.Debug|Any CPU.Build.0 = Debug|Any CPU
		{C9B74817-0C13-4857-B813-AC0DBB6F58BC}.Release|Any CPU.ActiveCfg = Release|Any CPU
		{C9B74817-0C13-4857-B813-AC0DBB6F58BC}.Release|Any CPU.Build.0 = Release|Any CPU
		{EC52D829-95BF-4FB9-AED0-108519C91214}.Debug|Any CPU.ActiveCfg = Debug|Any CPU
		{EC52D829-95BF-4FB9-AED0-108519C91214}.Debug|Any CPU.Build.0 = Debug|Any CPU
		{EC52D829-95BF-4FB9-AED0-108519C91214}.Release|Any CPU.ActiveCfg = Release|Any CPU
		{EC52D829-95BF-4FB9-AED0-108519C91214}.Release|Any CPU.Build.0 = Release|Any CPU
		{493C6A22-98FB-4806-9B1B-A82ACFDF28FE}.Debug|Any CPU.ActiveCfg = Debug|Any CPU
		{493C6A22-98FB-4806-9B1B-A82ACFDF28FE}.Debug|Any CPU.Build.0 = Debug|Any CPU
		{493C6A22-98FB-4806-9B1B-A82ACFDF28FE}.Release|Any CPU.ActiveCfg = Release|Any CPU
		{493C6A22-98FB-4806-9B1B-A82ACFDF28FE}.Release|Any CPU.Build.0 = Release|Any CPU
		{E85AE676-21DC-4F77-B8F4-98AAFF1D4314}.Debug|Any CPU.ActiveCfg = Debug|Any CPU
		{E85AE676-21DC-4F77-B8F4-98AAFF1D4314}.Debug|Any CPU.Build.0 = Debug|Any CPU
		{E85AE676-21DC-4F77-B8F4-98AAFF1D4314}.Release|Any CPU.ActiveCfg = Release|Any CPU
		{E85AE676-21DC-4F77-B8F4-98AAFF1D4314}.Release|Any CPU.Build.0 = Release|Any CPU
		{96830838-9B11-432E-8B09-48F69BF72991}.Debug|Any CPU.ActiveCfg = Debug|Any CPU
		{96830838-9B11-432E-8B09-48F69BF72991}.Debug|Any CPU.Build.0 = Debug|Any CPU
		{96830838-9B11-432E-8B09-48F69BF72991}.Release|Any CPU.ActiveCfg = Release|Any CPU
		{96830838-9B11-432E-8B09-48F69BF72991}.Release|Any CPU.Build.0 = Release|Any CPU
	EndGlobalSection
	GlobalSection(SolutionProperties) = preSolution
		HideSolutionNode = FALSE
	EndGlobalSection
	GlobalSection(NestedProjects) = preSolution
		{C9B74817-0C13-4857-B813-AC0DBB6F58BC} = {DE72D418-CDE9-44F5-89DB-2DE982ACAB24}
		{EC52D829-95BF-4FB9-AED0-108519C91214} = {DE72D418-CDE9-44F5-89DB-2DE982ACAB24}
		{493C6A22-98FB-4806-9B1B-A82ACFDF28FE} = {DE72D418-CDE9-44F5-89DB-2DE982ACAB24}
		{E85AE676-21DC-4F77-B8F4-98AAFF1D4314} = {0221FCE1-A643-48D2-B516-75EF2AE72507}
		{96830838-9B11-432E-8B09-48F69BF72991} = {0221FCE1-A643-48D2-B516-75EF2AE72507}
	EndGlobalSection
	GlobalSection(ExtensibilityGlobals) = postSolution
		SolutionGuid = {86EFBA2B-A213-4292-A97E-FF4907E8F586}
	EndGlobalSection
EndGlobal
